
Microsoft Visual Studio Solution File, Format Version 12.00
# Visual Studio Version 17
VisualStudioVersion = 17.10.35013.160
MinimumVisualStudioVersion = 10.0.40219.1
Project("{9A19103F-16F7-4668-BE54-9A1E7A4F7556}") = "GlobalMute", "GlobalMute.csproj", "{8A89A992-5D59-40CA-B3D7-B743217F517C}"
EndProject
Global
	GlobalSection(SolutionConfigurationPlatforms) = preSolution
		Debug|Any CPU = Debug|Any CPU
		Release|Any CPU = Release|Any CPU
	EndGlobalSection
	GlobalSection(ProjectConfigurationPlatforms) = postSolution
		{8A89A992-5D59-40CA-B3D7-B743217F517C}.Debug|Any CPU.ActiveCfg = Debug|Any CPU
		{8A89A992-5D59-40CA-B3D7-B743217F517C}.Debug|Any CPU.Build.0 = Debug|Any CPU
		{8A89A992-5D59-40CA-B3D7-B743217F517C}.Release|Any CPU.ActiveCfg = Release|Any CPU
		{8A89A992-5D59-40CA-B3D7-B743217F517C}.Release|Any CPU.Build.0 = Release|Any CPU
	EndGlobalSection
	GlobalSection(SolutionProperties) = preSolution
		HideSolutionNode = FALSE
	EndGlobalSection
	GlobalSection(ExtensibilityGlobals) = postSolution
		SolutionGuid = {357B0022-7B17-4994-93CC-A2E0BD05C3F1}
	EndGlobalSection
EndGlobal
